
Microsoft Visual Studio Solution File, Format Version 11.00
# Visual Studio 2010
Project("{8BC9CEB8-8B4A-11D0-8D11-00A0C91BC942}") = "ATLComPjt_Proxy_Stub", "ATLComPjt_Proxy_Stub.vcxproj", "{54F09E0F-BA96-48CB-AE4B-333F3A8F503E}"
EndProject
Global
	GlobalSection(SolutionConfigurationPlatforms) = preSolution
		Debug|Win32 = Debug|Win32
		Release|Win32 = Release|Win32
	EndGlobalSection
	GlobalSection(ProjectConfigurationPlatforms) = postSolution
		{54F09E0F-BA96-48CB-AE4B-333F3A8F503E}.Debug|Win32.ActiveCfg = Debug|Win32
		{54F09E0F-BA96-48CB-AE4B-333F3A8F503E}.Debug|Win32.Build.0 = Debug|Win32
		{54F09E0F-BA96-48CB-AE4B-333F3A8F503E}.Release|Win32.ActiveCfg = Release|Win32
		{54F09E0F-BA96-48CB-AE4B-333F3A8F503E}.Release|Win32.Build.0 = Release|Win32
	EndGlobalSection
	GlobalSection(SolutionProperties) = preSolution
		HideSolutionNode = FALSE
	EndGlobalSection
EndGlobal
