
Microsoft Visual Studio Solution File, Format Version 11.00
# Visual Studio 2010
Project("{8BC9CEB8-8B4A-11D0-8D11-00A0C91BC942}") = "SqliteLib", "SqliteLib.vcxproj", "{C9148210-8B0B-41D4-9B37-0501DB024F1E}"
EndProject
Global
	GlobalSection(SolutionConfigurationPlatforms) = preSolution
		Debug|Win32 = Debug|Win32
		Release|Win32 = Release|Win32
	EndGlobalSection
	GlobalSection(ProjectConfigurationPlatforms) = postSolution
		{C9148210-8B0B-41D4-9B37-0501DB024F1E}.Debug|Win32.ActiveCfg = Debug|Win32
		{C9148210-8B0B-41D4-9B37-0501DB024F1E}.Debug|Win32.Build.0 = Debug|Win32
		{C9148210-8B0B-41D4-9B37-0501DB024F1E}.Release|Win32.ActiveCfg = Release|Win32
		{C9148210-8B0B-41D4-9B37-0501DB024F1E}.Release|Win32.Build.0 = Release|Win32
	EndGlobalSection
	GlobalSection(SolutionProperties) = preSolution
		HideSolutionNode = FALSE
	EndGlobalSection
EndGlobal
