<?xml version="1.0" encoding="utf-8"?>
<Project ToolsVersion="4.0" xmlns="http://schemas.microsoft.com/developer/msbuild/2003">
  <ItemGroup>
    <Filter Include="源文件">
      <UniqueIdentifier>{4FC737F1-C7A5-4376-A066-2A32D752A2FF}</UniqueIdentifier>
      <Extensions>cpp;c;cc;cxx;def;odl;idl;hpj;bat;asm;asmx</Extensions>
    </Filter>
    <Filter Include="头文件">
      <UniqueIdentifier>{93995380-89BD-4b04-88EB-625FBE52EBFB}</UniqueIdentifier>
      <Extensions>h;hpp;hxx;hm;inl;inc;xsd</Extensions>
    </Filter>
    <Filter Include="资源文件">
      <UniqueIdentifier>{67DA6AB6-F800-4c08-8B7A-83BB121AAD01}</UniqueIdentifier>
      <Extensions>rc;ico;cur;bmp;dlg;rc2;rct;bin;rgs;gif;jpg;jpeg;jpe;resx;tiff;tif;png;wav;mfcribbon-ms</Extensions>
    </Filter>
    <Filter Include="生成的文件">
      <UniqueIdentifier>{44dd86e1-7368-467f-bcd4-15f0d2aaf843}</UniqueIdentifier>
      <SourceControlFiles>False</SourceControlFiles>
    </Filter>
  </ItemGroup>
  <ItemGroup>
    <ClCompile Include="stdafx.cpp">
      <Filter>源文件</Filter>
    </ClCompile>
    <ClCompile Include="LogEngine.cpp">
      <Filter>源文件</Filter>
    </ClCompile>
    <ClCompile Include="dllmain.cpp">
      <Filter>源文件</Filter>
    </ClCompile>
    <ClCompile Include="xdlldata.c">
      <Filter>源文件</Filter>
    </ClCompile>
    <ClCompile Include="LogEngine_i.c">
      <Filter>生成的文件</Filter>
    </ClCompile>
    <ClCompile Include="LogService.cpp">
      <Filter>源文件</Filter>
    </ClCompile>
    <ClCompile Include="..\Common\BaseFuncLib.cpp">
      <Filter>源文件</Filter>
    </ClCompile>
    <ClCompile Include="..\Common\HXRegKey.cpp">
      <Filter>源文件</Filter>
    </ClCompile>
    <ClCompile Include="SysEventLog.cpp">
      <Filter>源文件</Filter>
    </ClCompile>
    <ClCompile Include="ParseEventLogXML.cpp">
      <Filter>源文件</Filter>
    </ClCompile>
  </ItemGroup>
  <ItemGroup>
    <ClInclude Include="stdafx.h">
      <Filter>头文件</Filter>
    </ClInclude>
    <ClInclude Include="targetver.h">
      <Filter>头文件</Filter>
    </ClInclude>
    <ClInclude Include="Resource.h">
      <Filter>头文件</Filter>
    </ClInclude>
    <ClInclude Include="dllmain.h">
      <Filter>头文件</Filter>
    </ClInclude>
    <ClInclude Include="xdlldata.h">
      <Filter>头文件</Filter>
    </ClInclude>
    <ClInclude Include="LogEngine_i.h">
      <Filter>生成的文件</Filter>
    </ClInclude>
    <ClInclude Include="LogService.h">
      <Filter>头文件</Filter>
    </ClInclude>
    <ClInclude Include="..\Common\BaseFuncLib.h">
      <Filter>头文件</Filter>
    </ClInclude>
    <ClInclude Include="..\Common\HXRegKey.h">
      <Filter>头文件</Filter>
    </ClInclude>
    <ClInclude Include="SysEventLog.h">
      <Filter>头文件</Filter>
    </ClInclude>
    <ClInclude Include="EventStructDef.h">
      <Filter>头文件</Filter>
    </ClInclude>
    <ClInclude Include="ParseEventLogXML.h">
      <Filter>头文件</Filter>
    </ClInclude>
  </ItemGroup>
  <ItemGroup>
    <ResourceCompile Include="LogEngine.rc">
      <Filter>资源文件</Filter>
    </ResourceCompile>
  </ItemGroup>
  <ItemGroup>
    <None Include="ReadMe.txt" />
    <None Include="LogEngine.rgs">
      <Filter>资源文件</Filter>
    </None>
    <None Include="LogEngine.def">
      <Filter>源文件</Filter>
    </None>
    <None Include="LogService.rgs">
      <Filter>资源文件</Filter>
    </None>
    <None Include="SysEventLog.rgs">
      <Filter>资源文件</Filter>
    </None>
  </ItemGroup>
  <ItemGroup>
    <Midl Include="LogEngine.idl">
      <Filter>源文件</Filter>
    </Midl>
  </ItemGroup>
</Project>