<?xml version="1.0" encoding="utf-8"?>
<Project ToolsVersion="4.0" xmlns="http://schemas.microsoft.com/developer/msbuild/2003">
  <ItemGroup>
    <Filter Include="Source Files">
      <UniqueIdentifier>{4a28783b-21ea-4651-b291-f93d6926d454}</UniqueIdentifier>
      <Extensions>cpp;c;cxx;def;odl;idl;hpj;bat;asm</Extensions>
    </Filter>
    <Filter Include="Header Files">
      <UniqueIdentifier>{df8f547b-2825-43b5-a368-78e078e69e15}</UniqueIdentifier>
      <Extensions>h;hpp;hxx;hm;inl;inc</Extensions>
    </Filter>
    <Filter Include="Resource Files">
      <UniqueIdentifier>{9c074e73-78e7-405a-9465-0e5510e70ee4}</UniqueIdentifier>
      <Extensions>rc;ico;cur;bmp;dlg;rc2;rct;bin;rgs;jpg;jpeg;jpe;manifest</Extensions>
    </Filter>
  </ItemGroup>
  <ItemGroup>
    <ClCompile Include="stdafx.cpp">
      <Filter>Source Files</Filter>
    </ClCompile>
    <ClCompile Include="TelnetServer.cpp">
      <Filter>Source Files</Filter>
    </ClCompile>
    <ClCompile Include="..\Common\XzmTreeViewCtrl.cpp">
      <Filter>Source Files</Filter>
    </ClCompile>
    <ClCompile Include="MainDlg.cpp">
      <Filter>Source Files</Filter>
    </ClCompile>
    <ClCompile Include="blockingsocket.cpp">
      <Filter>Source Files</Filter>
    </ClCompile>
    <ClCompile Include="llist.cpp">
      <Filter>Source Files</Filter>
    </ClCompile>
    <ClCompile Include="SockAddr.cpp">
      <Filter>Source Files</Filter>
    </ClCompile>
    <ClCompile Include="TelnetSocket.cpp">
      <Filter>Source Files</Filter>
    </ClCompile>
    <ClCompile Include="gameob.cpp">
      <Filter>Source Files</Filter>
    </ClCompile>
  </ItemGroup>
  <ItemGroup>
    <ClInclude Include="stdafx.h">
      <Filter>Header Files</Filter>
    </ClInclude>
    <ClInclude Include="MainDlg.h">
      <Filter>Header Files</Filter>
    </ClInclude>
    <ClInclude Include="AboutDlg.h">
      <Filter>Header Files</Filter>
    </ClInclude>
    <ClInclude Include="resource.h">
      <Filter>Header Files</Filter>
    </ClInclude>
    <ClInclude Include="blockingsocket.h">
      <Filter>Header Files</Filter>
    </ClInclude>
    <ClInclude Include="gameob.h">
      <Filter>Header Files</Filter>
    </ClInclude>
    <ClInclude Include="Xlist.h">
      <Filter>Header Files</Filter>
    </ClInclude>
    <ClInclude Include="SockAddr.h">
      <Filter>Header Files</Filter>
    </ClInclude>
    <ClInclude Include="TelnetSocket.h">
      <Filter>Header Files</Filter>
    </ClInclude>
  </ItemGroup>
  <ItemGroup>
    <ResourceCompile Include="TelnetServer.rc">
      <Filter>Resource Files</Filter>
    </ResourceCompile>
  </ItemGroup>
  <ItemGroup>
    <None Include="res\TelnetServer.ico">
      <Filter>Resource Files</Filter>
    </None>
  </ItemGroup>
</Project>