<?xml version="1.0" encoding="utf-8"?>
<Project ToolsVersion="4.0" xmlns="http://schemas.microsoft.com/developer/msbuild/2003">
  <ItemGroup>
    <Filter Include="源文件">
      <UniqueIdentifier>{2c6fb917-1ba7-4fe2-9a14-34fa2d434b92}</UniqueIdentifier>
    </Filter>
    <Filter Include="生成的文件">
      <UniqueIdentifier>{58f443e1-ac7e-49b9-a0b7-6ab842acea67}</UniqueIdentifier>
      <SourceControlFiles>False</SourceControlFiles>
    </Filter>
  </ItemGroup>
  <ItemGroup>
    <None Include="ATLComPjtps.def" />
  </ItemGroup>
  <ItemGroup>
    <ClCompile Include="ATLComPjt_i.c">
      <Filter>生成的文件</Filter>
    </ClCompile>
    <ClCompile Include="ATLComPjt_p.c">
      <Filter>生成的文件</Filter>
    </ClCompile>
    <ClCompile Include="dlldata.c">
      <Filter>生成的文件</Filter>
    </ClCompile>
  </ItemGroup>
</Project>