
Microsoft Visual Studio Solution File, Format Version 11.00
# Visual Studio 2010
Project("{8BC9CEB8-8B4A-11D0-8D11-00A0C91BC942}") = "HostService", "HostService.vcxproj", "{A1F45340-9D6F-4697-8ED6-3595D02560BD}"
EndProject
Project("{8BC9CEB8-8B4A-11D0-8D11-00A0C91BC942}") = "HostServicePS", "HostServicePS.vcxproj", "{607853C7-6A31-4EF4-A689-819C9DB7E94C}"
	ProjectSection(ProjectDependencies) = postProject
		{A1F45340-9D6F-4697-8ED6-3595D02560BD} = {A1F45340-9D6F-4697-8ED6-3595D02560BD}
	EndProjectSection
EndProject
Global
	GlobalSection(SolutionConfigurationPlatforms) = preSolution
		Debug|Win32 = Debug|Win32
		Release|Win32 = Release|Win32
	EndGlobalSection
	GlobalSection(ProjectConfigurationPlatforms) = postSolution
		{A1F45340-9D6F-4697-8ED6-3595D02560BD}.Debug|Win32.ActiveCfg = Debug|Win32
		{A1F45340-9D6F-4697-8ED6-3595D02560BD}.Debug|Win32.Build.0 = Debug|Win32
		{A1F45340-9D6F-4697-8ED6-3595D02560BD}.Release|Win32.ActiveCfg = Release|Win32
		{A1F45340-9D6F-4697-8ED6-3595D02560BD}.Release|Win32.Build.0 = Release|Win32
		{607853C7-6A31-4EF4-A689-819C9DB7E94C}.Debug|Win32.ActiveCfg = Debug|Win32
		{607853C7-6A31-4EF4-A689-819C9DB7E94C}.Release|Win32.ActiveCfg = Release|Win32
	EndGlobalSection
	GlobalSection(SolutionProperties) = preSolution
		HideSolutionNode = FALSE
	EndGlobalSection
EndGlobal
