
Microsoft Visual Studio Solution File, Format Version 11.00
# Visual Studio 2010
Project("{8BC9CEB8-8B4A-11D0-8D11-00A0C91BC942}") = "UdpBroadCast", "UdpBroadCast.vcxproj", "{664519AA-A2D8-4FDD-AD04-7A3EEF07DA7F}"
EndProject
Global
	GlobalSection(SolutionConfigurationPlatforms) = preSolution
		Debug|Win32 = Debug|Win32
		Release|Win32 = Release|Win32
	EndGlobalSection
	GlobalSection(ProjectConfigurationPlatforms) = postSolution
		{664519AA-A2D8-4FDD-AD04-7A3EEF07DA7F}.Debug|Win32.ActiveCfg = Debug|Win32
		{664519AA-A2D8-4FDD-AD04-7A3EEF07DA7F}.Debug|Win32.Build.0 = Debug|Win32
		{664519AA-A2D8-4FDD-AD04-7A3EEF07DA7F}.Release|Win32.ActiveCfg = Release|Win32
		{664519AA-A2D8-4FDD-AD04-7A3EEF07DA7F}.Release|Win32.Build.0 = Release|Win32
	EndGlobalSection
	GlobalSection(SolutionProperties) = preSolution
		HideSolutionNode = FALSE
	EndGlobalSection
EndGlobal
