<?xml version="1.0" encoding="utf-8"?>
<Project ToolsVersion="4.0" xmlns="http://schemas.microsoft.com/developer/msbuild/2003">
  <ItemGroup>
    <Filter Include="源文件">
      <UniqueIdentifier>{4FC737F1-C7A5-4376-A066-2A32D752A2FF}</UniqueIdentifier>
      <Extensions>cpp;c;cc;cxx;def;odl;idl;hpj;bat;asm;asmx</Extensions>
    </Filter>
    <Filter Include="头文件">
      <UniqueIdentifier>{93995380-89BD-4b04-88EB-625FBE52EBFB}</UniqueIdentifier>
      <Extensions>h;hpp;hxx;hm;inl;inc;xsd</Extensions>
    </Filter>
    <Filter Include="资源文件">
      <UniqueIdentifier>{67DA6AB6-F800-4c08-8B7A-83BB121AAD01}</UniqueIdentifier>
      <Extensions>rc;ico;cur;bmp;dlg;rc2;rct;bin;rgs;gif;jpg;jpeg;jpe;resx;tiff;tif;png;wav;mfcribbon-ms</Extensions>
    </Filter>
    <Filter Include="生成的文件">
      <UniqueIdentifier>{f5bdf8d6-66a5-4308-b493-12ae6484ac0d}</UniqueIdentifier>
      <SourceControlFiles>False</SourceControlFiles>
    </Filter>
  </ItemGroup>
  <ItemGroup>
    <ClCompile Include="stdafx.cpp">
      <Filter>源文件</Filter>
    </ClCompile>
    <ClCompile Include="SKFEncry.cpp">
      <Filter>源文件</Filter>
    </ClCompile>
    <ClCompile Include="dllmain.cpp">
      <Filter>源文件</Filter>
    </ClCompile>
    <ClCompile Include="xdlldata.c">
      <Filter>源文件</Filter>
    </ClCompile>
    <ClCompile Include="SKFEncry_i.c">
      <Filter>生成的文件</Filter>
    </ClCompile>
    <ClCompile Include="SafeService.cpp">
      <Filter>源文件</Filter>
    </ClCompile>
    <ClCompile Include="SafeCard.cpp">
      <Filter>源文件</Filter>
    </ClCompile>
    <ClCompile Include="CryptoStor.cpp">
      <Filter>源文件</Filter>
    </ClCompile>
    <ClCompile Include="WMIDevice.cpp">
      <Filter>源文件</Filter>
    </ClCompile>
    <ClCompile Include="USBDevice.cpp">
      <Filter>源文件</Filter>
    </ClCompile>
    <ClCompile Include="SKFBase.cpp">
      <Filter>源文件</Filter>
    </ClCompile>
    <ClCompile Include="SKFChinaCore.cpp">
      <Filter>源文件</Filter>
    </ClCompile>
    <ClCompile Include="CryptoCC.cpp">
      <Filter>源文件</Filter>
    </ClCompile>
    <ClCompile Include="..\Common\BaseFuncLib.cpp">
      <Filter>源文件</Filter>
    </ClCompile>
    <ClCompile Include="..\Common\HXRegKey.cpp">
      <Filter>源文件</Filter>
    </ClCompile>
    <ClCompile Include="..\Common\SqliteHelper.cpp">
      <Filter>源文件</Filter>
    </ClCompile>
    <ClCompile Include="..\Common\ComHelper.cpp">
      <Filter>源文件</Filter>
    </ClCompile>
    <ClCompile Include="..\Common\CriticalSectionWrapper.cpp">
      <Filter>源文件</Filter>
    </ClCompile>
    <ClCompile Include="SoftEncry.cpp">
      <Filter>源文件</Filter>
    </ClCompile>
  </ItemGroup>
  <ItemGroup>
    <ClInclude Include="stdafx.h">
      <Filter>头文件</Filter>
    </ClInclude>
    <ClInclude Include="targetver.h">
      <Filter>头文件</Filter>
    </ClInclude>
    <ClInclude Include="Resource.h">
      <Filter>头文件</Filter>
    </ClInclude>
    <ClInclude Include="dllmain.h">
      <Filter>头文件</Filter>
    </ClInclude>
    <ClInclude Include="xdlldata.h">
      <Filter>头文件</Filter>
    </ClInclude>
    <ClInclude Include="SKFEncry_i.h">
      <Filter>生成的文件</Filter>
    </ClInclude>
    <ClInclude Include="_ISafeServiceEvents_CP.h">
      <Filter>头文件</Filter>
    </ClInclude>
    <ClInclude Include="SafeService.h">
      <Filter>头文件</Filter>
    </ClInclude>
    <ClInclude Include="_ISafeCardEvents_CP.h">
      <Filter>头文件</Filter>
    </ClInclude>
    <ClInclude Include="SafeCard.h">
      <Filter>头文件</Filter>
    </ClInclude>
    <ClInclude Include="_ICryptoStorEvents_CP.h">
      <Filter>头文件</Filter>
    </ClInclude>
    <ClInclude Include="CryptoStor.h">
      <Filter>头文件</Filter>
    </ClInclude>
    <ClInclude Include="WMIDevice.h">
      <Filter>头文件</Filter>
    </ClInclude>
    <ClInclude Include="USBDevice.h">
      <Filter>头文件</Filter>
    </ClInclude>
    <ClInclude Include="..\Common\skf_type.h">
      <Filter>头文件</Filter>
    </ClInclude>
    <ClInclude Include="SKFBase.h">
      <Filter>头文件</Filter>
    </ClInclude>
    <ClInclude Include="SKFChinaCore.h">
      <Filter>头文件</Filter>
    </ClInclude>
    <ClInclude Include="SKF.h">
      <Filter>头文件</Filter>
    </ClInclude>
    <ClInclude Include="CryptoCC.h">
      <Filter>头文件</Filter>
    </ClInclude>
    <ClInclude Include="SdCryptoStor.h">
      <Filter>头文件</Filter>
    </ClInclude>
    <ClInclude Include="..\Common\BaseFuncLib.h">
      <Filter>头文件</Filter>
    </ClInclude>
    <ClInclude Include="..\Common\HXRegKey.h">
      <Filter>头文件</Filter>
    </ClInclude>
    <ClInclude Include="..\Common\SqliteHelper.h">
      <Filter>头文件</Filter>
    </ClInclude>
    <ClInclude Include="..\Common\ComHelper.h">
      <Filter>头文件</Filter>
    </ClInclude>
    <ClInclude Include="..\Common\CriticalSectionWrapper.h">
      <Filter>头文件</Filter>
    </ClInclude>
    <ClInclude Include="SoftEncry.h">
      <Filter>头文件</Filter>
    </ClInclude>
  </ItemGroup>
  <ItemGroup>
    <ResourceCompile Include="SKFEncry.rc">
      <Filter>资源文件</Filter>
    </ResourceCompile>
  </ItemGroup>
  <ItemGroup>
    <None Include="ReadMe.txt" />
    <None Include="SKFEncry.rgs">
      <Filter>资源文件</Filter>
    </None>
    <None Include="SKFEncry.def">
      <Filter>源文件</Filter>
    </None>
    <None Include="SafeService.rgs">
      <Filter>资源文件</Filter>
    </None>
    <None Include="SafeCard.rgs">
      <Filter>资源文件</Filter>
    </None>
    <None Include="CryptoStor.rgs">
      <Filter>资源文件</Filter>
    </None>
    <None Include="WMIDevice.rgs">
      <Filter>资源文件</Filter>
    </None>
    <None Include="USBDevice.rgs">
      <Filter>资源文件</Filter>
    </None>
    <None Include="SoftEncry.rgs">
      <Filter>资源文件</Filter>
    </None>
  </ItemGroup>
  <ItemGroup>
    <Midl Include="SKFEncry.idl">
      <Filter>源文件</Filter>
    </Midl>
  </ItemGroup>
</Project>